// !$*UTF8*$!
{
	archiveVersion = 1;
	classes = {
	};
	objectVersion = 56;
	objects = {

/* Begin PBXBuildFile section */
		6204FB9D2948F5A300FC2199 /* DescriptionRouter.swift in Sources */ = {isa = PBXBuildFile; fileRef = 6204FB9C2948F5A300FC2199 /* DescriptionRouter.swift */; };
		6204FB9F2948F5BF00FC2199 /* DescriptionInteractor.swift in Sources */ = {isa = PBXBuildFile; fileRef = 6204FB9E2948F5BF00FC2199 /* DescriptionInteractor.swift */; };
		6204FBA12948F5DC00FC2199 /* DescriptionPresenter.swift in Sources */ = {isa = PBXBuildFile; fileRef = 6204FBA02948F5DC00FC2199 /* DescriptionPresenter.swift */; };
		6204FBA42948F72B00FC2199 /* ProtocolProductDetail.swift in Sources */ = {isa = PBXBuildFile; fileRef = 6204FBA32948F72B00FC2199 /* ProtocolProductDetail.swift */; };
		6215584C2943B1DA005C562F /* Productos.swift in Sources */ = {isa = PBXBuildFile; fileRef = 6215584B2943B1DA005C562F /* Productos.swift */; };
		6226C851293124F1007FF313 /* AppDelegate.swift in Sources */ = {isa = PBXBuildFile; fileRef = 6226C850293124F1007FF313 /* AppDelegate.swift */; };
		6226C853293124F1007FF313 /* SceneDelegate.swift in Sources */ = {isa = PBXBuildFile; fileRef = 6226C852293124F1007FF313 /* SceneDelegate.swift */; };
		6226C855293124F1007FF313 /* HomeViewController.swift in Sources */ = {isa = PBXBuildFile; fileRef = 6226C854293124F1007FF313 /* HomeViewController.swift */; };
		6226C858293124F2007FF313 /* Main.storyboard in Resources */ = {isa = PBXBuildFile; fileRef = 6226C856293124F1007FF313 /* Main.storyboard */; };
		6226C85A293124F7007FF313 /* Assets.xcassets in Resources */ = {isa = PBXBuildFile; fileRef = 6226C859293124F7007FF313 /* Assets.xcassets */; };
		6226C85D293124F7007FF313 /* LaunchScreen.storyboard in Resources */ = {isa = PBXBuildFile; fileRef = 6226C85B293124F7007FF313 /* LaunchScreen.storyboard */; };
		622DFE662936BBB300F23211 /* CeldaCollectionViewCell.swift in Sources */ = {isa = PBXBuildFile; fileRef = 622DFE652936BBB300F23211 /* CeldaCollectionViewCell.swift */; };
		622DFE682936D44E00F23211 /* DescriptionProductViewController.swift in Sources */ = {isa = PBXBuildFile; fileRef = 622DFE672936D44E00F23211 /* DescriptionProductViewController.swift */; };
		62481714294A41FF0091289D /* CarConfig.swift in Sources */ = {isa = PBXBuildFile; fileRef = 62481713294A41FF0091289D /* CarConfig.swift */; };
		62481716294A44610091289D /* CarPresenter.swift in Sources */ = {isa = PBXBuildFile; fileRef = 62481715294A44610091289D /* CarPresenter.swift */; };
		62481718294A446E0091289D /* CarRouter.swift in Sources */ = {isa = PBXBuildFile; fileRef = 62481717294A446E0091289D /* CarRouter.swift */; };
		6248171A294A447A0091289D /* CarInteractor.swift in Sources */ = {isa = PBXBuildFile; fileRef = 62481719294A447A0091289D /* CarInteractor.swift */; };
		6248171C294A44840091289D /* CarEntity.swift in Sources */ = {isa = PBXBuildFile; fileRef = 6248171B294A44840091289D /* CarEntity.swift */; };
		624856FB293E552A00BCDA98 /* Delifood.xcdatamodeld in Sources */ = {isa = PBXBuildFile; fileRef = 624856F9293E552A00BCDA98 /* Delifood.xcdatamodeld */; };
		624856FD293E6C2100BCDA98 /* ProductCar.swift in Sources */ = {isa = PBXBuildFile; fileRef = 624856FC293E6C2100BCDA98 /* ProductCar.swift */; };
		624856FF293E82A400BCDA98 /* ProducTableViewCell.swift in Sources */ = {isa = PBXBuildFile; fileRef = 624856FE293E82A400BCDA98 /* ProducTableViewCell.swift */; };
		6268CBB12942925C0035F741 /* test.json in Resources */ = {isa = PBXBuildFile; fileRef = 6268CBB02942925C0035F741 /* test.json */; };
		626BCD4829479E36008B5729 /* HomeRouter.swift in Sources */ = {isa = PBXBuildFile; fileRef = 626BCD4729479E36008B5729 /* HomeRouter.swift */; };
		626BCD4B29479E5C008B5729 /* HomeEntity.swift in Sources */ = {isa = PBXBuildFile; fileRef = 626BCD4A29479E5C008B5729 /* HomeEntity.swift */; };
		626BCD4D29479E8A008B5729 /* HomePresenter.swift in Sources */ = {isa = PBXBuildFile; fileRef = 626BCD4C29479E8A008B5729 /* HomePresenter.swift */; };
		626BCD4F29479E9E008B5729 /* HomeInteractor.swift in Sources */ = {isa = PBXBuildFile; fileRef = 626BCD4E29479E9E008B5729 /* HomeInteractor.swift */; };
		626BCD5129479EF1008B5729 /* HomeConfigurate.swift in Sources */ = {isa = PBXBuildFile; fileRef = 626BCD5029479EF1008B5729 /* HomeConfigurate.swift */; };
		626BCD532947C685008B5729 /* Splash.swift in Sources */ = {isa = PBXBuildFile; fileRef = 626BCD522947C684008B5729 /* Splash.swift */; };
		626BCD562947CD90008B5729 /* NetworkService.swift in Sources */ = {isa = PBXBuildFile; fileRef = 626BCD552947CD90008B5729 /* NetworkService.swift */; };
		626BCD582947CDB9008B5729 /* CoreDataService.swift in Sources */ = {isa = PBXBuildFile; fileRef = 626BCD572947CDB9008B5729 /* CoreDataService.swift */; };
		626BCD5E2947E21E008B5729 /* DescriptionConfig.swift in Sources */ = {isa = PBXBuildFile; fileRef = 626BCD5D2947E21E008B5729 /* DescriptionConfig.swift */; };
		626BCD602947EF61008B5729 /* ProductDetail.swift in Sources */ = {isa = PBXBuildFile; fileRef = 626BCD5F2947EF61008B5729 /* ProductDetail.swift */; };
		62C8B824293DAB1D00C18E41 /* Producto.swift in Sources */ = {isa = PBXBuildFile; fileRef = 62C8B823293DAB1D00C18E41 /* Producto.swift */; };
		62D5C36129383A14007A5653 /* CardViewController.swift in Sources */ = {isa = PBXBuildFile; fileRef = 62D5C36029383A14007A5653 /* CardViewController.swift */; };
/* End PBXBuildFile section */

/* Begin PBXFileReference section */
		6204FB9C2948F5A300FC2199 /* DescriptionRouter.swift */ = {isa = PBXFileReference; lastKnownFileType = sourcecode.swift; path = DescriptionRouter.swift; sourceTree = "<group>"; };
		6204FB9E2948F5BF00FC2199 /* DescriptionInteractor.swift */ = {isa = PBXFileReference; lastKnownFileType = sourcecode.swift; path = DescriptionInteractor.swift; sourceTree = "<group>"; };
		6204FBA02948F5DC00FC2199 /* DescriptionPresenter.swift */ = {isa = PBXFileReference; lastKnownFileType = sourcecode.swift; path = DescriptionPresenter.swift; sourceTree = "<group>"; };
		6204FBA32948F72B00FC2199 /* ProtocolProductDetail.swift */ = {isa = PBXFileReference; lastKnownFileType = sourcecode.swift; path = ProtocolProductDetail.swift; sourceTree = "<group>"; };
		6215584B2943B1DA005C562F /* Productos.swift */ = {isa = PBXFileReference; lastKnownFileType = sourcecode.swift; path = Productos.swift; sourceTree = "<group>"; };
		6226C84D293124F1007FF313 /* DeliFood.app */ = {isa = PBXFileReference; explicitFileType = wrapper.application; includeInIndex = 0; path = DeliFood.app; sourceTree = BUILT_PRODUCTS_DIR; };
		6226C850293124F1007FF313 /* AppDelegate.swift */ = {isa = PBXFileReference; lastKnownFileType = sourcecode.swift; path = AppDelegate.swift; sourceTree = "<group>"; };
		6226C852293124F1007FF313 /* SceneDelegate.swift */ = {isa = PBXFileReference; lastKnownFileType = sourcecode.swift; path = SceneDelegate.swift; sourceTree = "<group>"; };
		6226C854293124F1007FF313 /* HomeViewController.swift */ = {isa = PBXFileReference; lastKnownFileType = sourcecode.swift; path = HomeViewController.swift; sourceTree = "<group>"; };
		6226C857293124F1007FF313 /* Base */ = {isa = PBXFileReference; lastKnownFileType = file.storyboard; name = Base; path = Base.lproj/Main.storyboard; sourceTree = "<group>"; };
		6226C859293124F7007FF313 /* Assets.xcassets */ = {isa = PBXFileReference; lastKnownFileType = folder.assetcatalog; path = Assets.xcassets; sourceTree = "<group>"; };
		6226C85C293124F7007FF313 /* Base */ = {isa = PBXFileReference; lastKnownFileType = file.storyboard; name = Base; path = Base.lproj/LaunchScreen.storyboard; sourceTree = "<group>"; };
		6226C85E293124F7007FF313 /* Info.plist */ = {isa = PBXFileReference; lastKnownFileType = text.plist.xml; path = Info.plist; sourceTree = "<group>"; };
		622DFE652936BBB300F23211 /* CeldaCollectionViewCell.swift */ = {isa = PBXFileReference; lastKnownFileType = sourcecode.swift; path = CeldaCollectionViewCell.swift; sourceTree = "<group>"; };
		622DFE672936D44E00F23211 /* DescriptionProductViewController.swift */ = {isa = PBXFileReference; lastKnownFileType = sourcecode.swift; path = DescriptionProductViewController.swift; sourceTree = "<group>"; };
		62481713294A41FF0091289D /* CarConfig.swift */ = {isa = PBXFileReference; lastKnownFileType = sourcecode.swift; path = CarConfig.swift; sourceTree = "<group>"; };
		62481715294A44610091289D /* CarPresenter.swift */ = {isa = PBXFileReference; lastKnownFileType = sourcecode.swift; path = CarPresenter.swift; sourceTree = "<group>"; };
		62481717294A446E0091289D /* CarRouter.swift */ = {isa = PBXFileReference; lastKnownFileType = sourcecode.swift; path = CarRouter.swift; sourceTree = "<group>"; };
		62481719294A447A0091289D /* CarInteractor.swift */ = {isa = PBXFileReference; lastKnownFileType = sourcecode.swift; path = CarInteractor.swift; sourceTree = "<group>"; };
		6248171B294A44840091289D /* CarEntity.swift */ = {isa = PBXFileReference; lastKnownFileType = sourcecode.swift; path = CarEntity.swift; sourceTree = "<group>"; };
		624856FA293E552A00BCDA98 /* Delifood.xcdatamodel */ = {isa = PBXFileReference; lastKnownFileType = wrapper.xcdatamodel; path = Delifood.xcdatamodel; sourceTree = "<group>"; };
		624856FC293E6C2100BCDA98 /* ProductCar.swift */ = {isa = PBXFileReference; lastKnownFileType = sourcecode.swift; path = ProductCar.swift; sourceTree = "<group>"; };
		624856FE293E82A400BCDA98 /* ProducTableViewCell.swift */ = {isa = PBXFileReference; lastKnownFileType = sourcecode.swift; path = ProducTableViewCell.swift; sourceTree = "<group>"; };
		6268CBB02942925C0035F741 /* test.json */ = {isa = PBXFileReference; lastKnownFileType = text.json; path = test.json; sourceTree = "<group>"; xcLanguageSpecificationIdentifier = xcode.lang.json; };
		626BCD4729479E36008B5729 /* HomeRouter.swift */ = {isa = PBXFileReference; lastKnownFileType = sourcecode.swift; path = HomeRouter.swift; sourceTree = "<group>"; };
		626BCD4A29479E5C008B5729 /* HomeEntity.swift */ = {isa = PBXFileReference; lastKnownFileType = sourcecode.swift; path = HomeEntity.swift; sourceTree = "<group>"; };
		626BCD4C29479E8A008B5729 /* HomePresenter.swift */ = {isa = PBXFileReference; lastKnownFileType = sourcecode.swift; path = HomePresenter.swift; sourceTree = "<group>"; };
		626BCD4E29479E9E008B5729 /* HomeInteractor.swift */ = {isa = PBXFileReference; lastKnownFileType = sourcecode.swift; path = HomeInteractor.swift; sourceTree = "<group>"; };
		626BCD5029479EF1008B5729 /* HomeConfigurate.swift */ = {isa = PBXFileReference; lastKnownFileType = sourcecode.swift; path = HomeConfigurate.swift; sourceTree = "<group>"; };
		626BCD522947C684008B5729 /* Splash.swift */ = {isa = PBXFileReference; lastKnownFileType = sourcecode.swift; path = Splash.swift; sourceTree = "<group>"; };
		626BCD552947CD90008B5729 /* NetworkService.swift */ = {isa = PBXFileReference; lastKnownFileType = sourcecode.swift; path = NetworkService.swift; sourceTree = "<group>"; };
		626BCD572947CDB9008B5729 /* CoreDataService.swift */ = {isa = PBXFileReference; lastKnownFileType = sourcecode.swift; path = CoreDataService.swift; sourceTree = "<group>"; };
		626BCD5D2947E21E008B5729 /* DescriptionConfig.swift */ = {isa = PBXFileReference; lastKnownFileType = sourcecode.swift; path = DescriptionConfig.swift; sourceTree = "<group>"; };
		626BCD5F2947EF61008B5729 /* ProductDetail.swift */ = {isa = PBXFileReference; lastKnownFileType = sourcecode.swift; path = ProductDetail.swift; sourceTree = "<group>"; };
		62C8B823293DAB1D00C18E41 /* Producto.swift */ = {isa = PBXFileReference; lastKnownFileType = sourcecode.swift; path = Producto.swift; sourceTree = "<group>"; };
		62D5C36029383A14007A5653 /* CardViewController.swift */ = {isa = PBXFileReference; lastKnownFileType = sourcecode.swift; path = CardViewController.swift; sourceTree = "<group>"; };
/* End PBXFileReference section */

/* Begin PBXFrameworksBuildPhase section */
		6226C84A293124F1007FF313 /* Frameworks */ = {
			isa = PBXFrameworksBuildPhase;
			buildActionMask = 2147483647;
			files = (
			);
			runOnlyForDeploymentPostprocessing = 0;
		};
/* End PBXFrameworksBuildPhase section */

/* Begin PBXGroup section */
		6204FBA22948F60F00FC2199 /* Entity */ = {
			isa = PBXGroup;
			children = (
			);
			path = Entity;
			sourceTree = "<group>";
		};
		6204FBA52948F76600FC2199 /* Presenter */ = {
			isa = PBXGroup;
			children = (
				62481715294A44610091289D /* CarPresenter.swift */,
			);
			path = Presenter;
			sourceTree = "<group>";
		};
		6204FBA62948F77100FC2199 /* Router */ = {
			isa = PBXGroup;
			children = (
				62481717294A446E0091289D /* CarRouter.swift */,
			);
			path = Router;
			sourceTree = "<group>";
		};
		6204FBA72948F7D000FC2199 /* Interactor */ = {
			isa = PBXGroup;
			children = (
				62481719294A447A0091289D /* CarInteractor.swift */,
			);
			path = Interactor;
			sourceTree = "<group>";
		};
		6215584D2943C5A3005C562F /* Home */ = {
			isa = PBXGroup;
			children = (
				626BCD4629479A9A008B5729 /* Presenter */,
				626BCD4529479A83008B5729 /* Entity */,
				6246123A2946D1A800A2BE6C /* Router */,
				624612392946CC5000A2BE6C /* View */,
				624612382946C97400A2BE6C /* Interactor */,
				626BCD5029479EF1008B5729 /* HomeConfigurate.swift */,
			);
			path = Home;
			sourceTree = "<group>";
		};
		6226C844293124F1007FF313 = {
			isa = PBXGroup;
			children = (
				6226C84F293124F1007FF313 /* DeliFood */,
				6226C84E293124F1007FF313 /* Products */,
			);
			sourceTree = "<group>";
		};
		6226C84E293124F1007FF313 /* Products */ = {
			isa = PBXGroup;
			children = (
				6226C84D293124F1007FF313 /* DeliFood.app */,
			);
			name = Products;
			sourceTree = "<group>";
		};
		6226C84F293124F1007FF313 /* DeliFood */ = {
			isa = PBXGroup;
			children = (
				6226C850293124F1007FF313 /* AppDelegate.swift */,
				6226C852293124F1007FF313 /* SceneDelegate.swift */,
				624856F9293E552A00BCDA98 /* Delifood.xcdatamodeld */,
				626BCD522947C684008B5729 /* Splash.swift */,
				626BCD542947CD5D008B5729 /* Services */,
				6215584D2943C5A3005C562F /* Home */,
				6246123C2946D71000A2BE6C /* Description */,
				6246123B2946D6EA00A2BE6C /* Car */,
				6226C856293124F1007FF313 /* Main.storyboard */,
				6226C859293124F7007FF313 /* Assets.xcassets */,
				6226C85B293124F7007FF313 /* LaunchScreen.storyboard */,
				6226C85E293124F7007FF313 /* Info.plist */,
				62C8B823293DAB1D00C18E41 /* Producto.swift */,
				6215584B2943B1DA005C562F /* Productos.swift */,
				6268CBB02942925C0035F741 /* test.json */,
			);
			path = DeliFood;
			sourceTree = "<group>";
		};
		624612382946C97400A2BE6C /* Interactor */ = {
			isa = PBXGroup;
			children = (
				626BCD4E29479E9E008B5729 /* HomeInteractor.swift */,
			);
			path = Interactor;
			sourceTree = "<group>";
		};
		624612392946CC5000A2BE6C /* View */ = {
			isa = PBXGroup;
			children = (
				6226C854293124F1007FF313 /* HomeViewController.swift */,
				622DFE652936BBB300F23211 /* CeldaCollectionViewCell.swift */,
			);
			path = View;
			sourceTree = "<group>";
		};
		6246123A2946D1A800A2BE6C /* Router */ = {
			isa = PBXGroup;
			children = (
				626BCD4729479E36008B5729 /* HomeRouter.swift */,
			);
			path = Router;
			sourceTree = "<group>";
		};
		6246123B2946D6EA00A2BE6C /* Car */ = {
			isa = PBXGroup;
			children = (
				62481712294A41C20091289D /* Entity */,
				6204FBA72948F7D000FC2199 /* Interactor */,
				6204FBA62948F77100FC2199 /* Router */,
				62481711294A41700091289D /* View */,
				6204FBA52948F76600FC2199 /* Presenter */,
				62481713294A41FF0091289D /* CarConfig.swift */,
			);
			path = Car;
			sourceTree = "<group>";
		};
		6246123C2946D71000A2BE6C /* Description */ = {
			isa = PBXGroup;
			children = (
				6204FBA22948F60F00FC2199 /* Entity */,
				626BCD5C2947E1CF008B5729 /* Presenter */,
				626BCD5B2947E1C2008B5729 /* Interactor */,
				626BCD5A2947E1BA008B5729 /* Router */,
				626BCD592947E1AD008B5729 /* View */,
				626BCD5D2947E21E008B5729 /* DescriptionConfig.swift */,
			);
			path = Description;
			sourceTree = "<group>";
		};
		62481711294A41700091289D /* View */ = {
			isa = PBXGroup;
			children = (
				62D5C36029383A14007A5653 /* CardViewController.swift */,
				624856FE293E82A400BCDA98 /* ProducTableViewCell.swift */,
			);
			path = View;
			sourceTree = "<group>";
		};
		62481712294A41C20091289D /* Entity */ = {
			isa = PBXGroup;
			children = (
				624856FC293E6C2100BCDA98 /* ProductCar.swift */,
				6248171B294A44840091289D /* CarEntity.swift */,
			);
			path = Entity;
			sourceTree = "<group>";
		};
		626BCD4529479A83008B5729 /* Entity */ = {
			isa = PBXGroup;
			children = (
				626BCD4A29479E5C008B5729 /* HomeEntity.swift */,
				626BCD5F2947EF61008B5729 /* ProductDetail.swift */,
				6204FBA32948F72B00FC2199 /* ProtocolProductDetail.swift */,
			);
			path = Entity;
			sourceTree = "<group>";
		};
		626BCD4629479A9A008B5729 /* Presenter */ = {
			isa = PBXGroup;
			children = (
				626BCD4C29479E8A008B5729 /* HomePresenter.swift */,
			);
			path = Presenter;
			sourceTree = "<group>";
		};
		626BCD542947CD5D008B5729 /* Services */ = {
			isa = PBXGroup;
			children = (
				626BCD572947CDB9008B5729 /* CoreDataService.swift */,
				626BCD552947CD90008B5729 /* NetworkService.swift */,
			);
			path = Services;
			sourceTree = "<group>";
		};
		626BCD592947E1AD008B5729 /* View */ = {
			isa = PBXGroup;
			children = (
				622DFE672936D44E00F23211 /* DescriptionProductViewController.swift */,
			);
			path = View;
			sourceTree = "<group>";
		};
		626BCD5A2947E1BA008B5729 /* Router */ = {
			isa = PBXGroup;
			children = (
				6204FB9C2948F5A300FC2199 /* DescriptionRouter.swift */,
			);
			path = Router;
			sourceTree = "<group>";
		};
		626BCD5B2947E1C2008B5729 /* Interactor */ = {
			isa = PBXGroup;
			children = (
				6204FB9E2948F5BF00FC2199 /* DescriptionInteractor.swift */,
			);
			path = Interactor;
			sourceTree = "<group>";
		};
		626BCD5C2947E1CF008B5729 /* Presenter */ = {
			isa = PBXGroup;
			children = (
				6204FBA02948F5DC00FC2199 /* DescriptionPresenter.swift */,
			);
			path = Presenter;
			sourceTree = "<group>";
		};
/* End PBXGroup section */

/* Begin PBXNativeTarget section */
		6226C84C293124F1007FF313 /* DeliFood */ = {
			isa = PBXNativeTarget;
			buildConfigurationList = 6226C861293124F7007FF313 /* Build configuration list for PBXNativeTarget "DeliFood" */;
			buildPhases = (
				6226C849293124F1007FF313 /* Sources */,
				6226C84A293124F1007FF313 /* Frameworks */,
				6226C84B293124F1007FF313 /* Resources */,
			);
			buildRules = (
			);
			dependencies = (
			);
			name = DeliFood;
			productName = DeliFood;
			productReference = 6226C84D293124F1007FF313 /* DeliFood.app */;
			productType = "com.apple.product-type.application";
		};
/* End PBXNativeTarget section */

/* Begin PBXProject section */
		6226C845293124F1007FF313 /* Project object */ = {
			isa = PBXProject;
			attributes = {
				BuildIndependentTargetsInParallel = 1;
				LastSwiftUpdateCheck = 1410;
				LastUpgradeCheck = 1410;
				TargetAttributes = {
					6226C84C293124F1007FF313 = {
						CreatedOnToolsVersion = 14.1;
					};
				};
			};
			buildConfigurationList = 6226C848293124F1007FF313 /* Build configuration list for PBXProject "DeliFood" */;
			compatibilityVersion = "Xcode 14.0";
			developmentRegion = en;
			hasScannedForEncodings = 0;
			knownRegions = (
				en,
				Base,
			);
			mainGroup = 6226C844293124F1007FF313;
			productRefGroup = 6226C84E293124F1007FF313 /* Products */;
			projectDirPath = "";
			projectRoot = "";
			targets = (
				6226C84C293124F1007FF313 /* DeliFood */,
			);
		};
/* End PBXProject section */

/* Begin PBXResourcesBuildPhase section */
		6226C84B293124F1007FF313 /* Resources */ = {
			isa = PBXResourcesBuildPhase;
			buildActionMask = 2147483647;
			files = (
				6226C85D293124F7007FF313 /* LaunchScreen.storyboard in Resources */,
				6268CBB12942925C0035F741 /* test.json in Resources */,
				6226C85A293124F7007FF313 /* Assets.xcassets in Resources */,
				6226C858293124F2007FF313 /* Main.storyboard in Resources */,
			);
			runOnlyForDeploymentPostprocessing = 0;
		};
/* End PBXResourcesBuildPhase section */

/* Begin PBXSourcesBuildPhase section */
		6226C849293124F1007FF313 /* Sources */ = {
			isa = PBXSourcesBuildPhase;
			buildActionMask = 2147483647;
			files = (
				626BCD5129479EF1008B5729 /* HomeConfigurate.swift in Sources */,
				62481716294A44610091289D /* CarPresenter.swift in Sources */,
				6204FBA12948F5DC00FC2199 /* DescriptionPresenter.swift in Sources */,
				6226C855293124F1007FF313 /* HomeViewController.swift in Sources */,
				626BCD4829479E36008B5729 /* HomeRouter.swift in Sources */,
				6226C851293124F1007FF313 /* AppDelegate.swift in Sources */,
				626BCD562947CD90008B5729 /* NetworkService.swift in Sources */,
				626BCD4F29479E9E008B5729 /* HomeInteractor.swift in Sources */,
				624856FF293E82A400BCDA98 /* ProducTableViewCell.swift in Sources */,
				624856FD293E6C2100BCDA98 /* ProductCar.swift in Sources */,
				62D5C36129383A14007A5653 /* CardViewController.swift in Sources */,
				6215584C2943B1DA005C562F /* Productos.swift in Sources */,
				626BCD4D29479E8A008B5729 /* HomePresenter.swift in Sources */,
				6204FB9F2948F5BF00FC2199 /* DescriptionInteractor.swift in Sources */,
				624856FB293E552A00BCDA98 /* Delifood.xcdatamodeld in Sources */,
				626BCD5E2947E21E008B5729 /* DescriptionConfig.swift in Sources */,
				6248171A294A447A0091289D /* CarInteractor.swift in Sources */,
				62481714294A41FF0091289D /* CarConfig.swift in Sources */,
				6204FBA42948F72B00FC2199 /* ProtocolProductDetail.swift in Sources */,
				62C8B824293DAB1D00C18E41 /* Producto.swift in Sources */,
				626BCD582947CDB9008B5729 /* CoreDataService.swift in Sources */,
				6204FB9D2948F5A300FC2199 /* DescriptionRouter.swift in Sources */,
				62481718294A446E0091289D /* CarRouter.swift in Sources */,
				6226C853293124F1007FF313 /* SceneDelegate.swift in Sources */,
				626BCD4B29479E5C008B5729 /* HomeEntity.swift in Sources */,
				6248171C294A44840091289D /* CarEntity.swift in Sources */,
				626BCD602947EF61008B5729 /* ProductDetail.swift in Sources */,
				622DFE662936BBB300F23211 /* CeldaCollectionViewCell.swift in Sources */,
				622DFE682936D44E00F23211 /* DescriptionProductViewController.swift in Sources */,
				626BCD532947C685008B5729 /* Splash.swift in Sources */,
			);
			runOnlyForDeploymentPostprocessing = 0;
		};
/* End PBXSourcesBuildPhase section */

/* Begin PBXVariantGroup section */
		6226C856293124F1007FF313 /* Main.storyboard */ = {
			isa = PBXVariantGroup;
			children = (
				6226C857293124F1007FF313 /* Base */,
			);
			name = Main.storyboard;
			sourceTree = "<group>";
		};
		6226C85B293124F7007FF313 /* LaunchScreen.storyboard */ = {
			isa = PBXVariantGroup;
			children = (
				6226C85C293124F7007FF313 /* Base */,
			);
			name = LaunchScreen.storyboard;
			sourceTree = "<group>";
		};
/* End PBXVariantGroup section */

/* Begin XCBuildConfiguration section */
		6226C85F293124F7007FF313 /* Debug */ = {
			isa = XCBuildConfiguration;
			buildSettings = {
				ALWAYS_SEARCH_USER_PATHS = NO;
				CLANG_ANALYZER_NONNULL = YES;
				CLANG_ANALYZER_NUMBER_OBJECT_CONVERSION = YES_AGGRESSIVE;
				CLANG_CXX_LANGUAGE_STANDARD = "gnu++20";
				CLANG_ENABLE_MODULES = YES;
				CLANG_ENABLE_OBJC_ARC = YES;
				CLANG_ENABLE_OBJC_WEAK = YES;
				CLANG_WARN_BLOCK_CAPTURE_AUTORELEASING = YES;
				CLANG_WARN_BOOL_CONVERSION = YES;
				CLANG_WARN_COMMA = YES;
				CLANG_WARN_CONSTANT_CONVERSION = YES;
				CLANG_WARN_DEPRECATED_OBJC_IMPLEMENTATIONS = YES;
				CLANG_WARN_DIRECT_OBJC_ISA_USAGE = YES_ERROR;
				CLANG_WARN_DOCUMENTATION_COMMENTS = YES;
				CLANG_WARN_EMPTY_BODY = YES;
				CLANG_WARN_ENUM_CONVERSION = YES;
				CLANG_WARN_INFINITE_RECURSION = YES;
				CLANG_WARN_INT_CONVERSION = YES;
				CLANG_WARN_NON_LITERAL_NULL_CONVERSION = YES;
				CLANG_WARN_OBJC_IMPLICIT_RETAIN_SELF = YES;
				CLANG_WARN_OBJC_LITERAL_CONVERSION = YES;
				CLANG_WARN_OBJC_ROOT_CLASS = YES_ERROR;
				CLANG_WARN_QUOTED_INCLUDE_IN_FRAMEWORK_HEADER = YES;
				CLANG_WARN_RANGE_LOOP_ANALYSIS = YES;
				CLANG_WARN_STRICT_PROTOTYPES = YES;
				CLANG_WARN_SUSPICIOUS_MOVE = YES;
				CLANG_WARN_UNGUARDED_AVAILABILITY = YES_AGGRESSIVE;
				CLANG_WARN_UNREACHABLE_CODE = YES;
				CLANG_WARN__DUPLICATE_METHOD_MATCH = YES;
				COPY_PHASE_STRIP = NO;
				DEBUG_INFORMATION_FORMAT = dwarf;
				ENABLE_STRICT_OBJC_MSGSEND = YES;
				ENABLE_TESTABILITY = YES;
				GCC_C_LANGUAGE_STANDARD = gnu11;
				GCC_DYNAMIC_NO_PIC = NO;
				GCC_NO_COMMON_BLOCKS = YES;
				GCC_OPTIMIZATION_LEVEL = 0;
				GCC_PREPROCESSOR_DEFINITIONS = (
					"DEBUG=1",
					"$(inherited)",
				);
				GCC_WARN_64_TO_32_BIT_CONVERSION = YES;
				GCC_WARN_ABOUT_RETURN_TYPE = YES_ERROR;
				GCC_WARN_UNDECLARED_SELECTOR = YES;
				GCC_WARN_UNINITIALIZED_AUTOS = YES_AGGRESSIVE;
				GCC_WARN_UNUSED_FUNCTION = YES;
				GCC_WARN_UNUSED_VARIABLE = YES;
				IPHONEOS_DEPLOYMENT_TARGET = 16.1;
				MTL_ENABLE_DEBUG_INFO = INCLUDE_SOURCE;
				MTL_FAST_MATH = YES;
				ONLY_ACTIVE_ARCH = YES;
				SDKROOT = iphoneos;
				SWIFT_ACTIVE_COMPILATION_CONDITIONS = DEBUG;
				SWIFT_OPTIMIZATION_LEVEL = "-Onone";
			};
			name = Debug;
		};
		6226C860293124F7007FF313 /* Release */ = {
			isa = XCBuildConfiguration;
			buildSettings = {
				ALWAYS_SEARCH_USER_PATHS = NO;
				CLANG_ANALYZER_NONNULL = YES;
				CLANG_ANALYZER_NUMBER_OBJECT_CONVERSION = YES_AGGRESSIVE;
				CLANG_CXX_LANGUAGE_STANDARD = "gnu++20";
				CLANG_ENABLE_MODULES = YES;
				CLANG_ENABLE_OBJC_ARC = YES;
				CLANG_ENABLE_OBJC_WEAK = YES;
				CLANG_WARN_BLOCK_CAPTURE_AUTORELEASING = YES;
				CLANG_WARN_BOOL_CONVERSION = YES;
				CLANG_WARN_COMMA = YES;
				CLANG_WARN_CONSTANT_CONVERSION = YES;
				CLANG_WARN_DEPRECATED_OBJC_IMPLEMENTATIONS = YES;
				CLANG_WARN_DIRECT_OBJC_ISA_USAGE = YES_ERROR;
				CLANG_WARN_DOCUMENTATION_COMMENTS = YES;
				CLANG_WARN_EMPTY_BODY = YES;
				CLANG_WARN_ENUM_CONVERSION = YES;
				CLANG_WARN_INFINITE_RECURSION = YES;
				CLANG_WARN_INT_CONVERSION = YES;
				CLANG_WARN_NON_LITERAL_NULL_CONVERSION = YES;
				CLANG_WARN_OBJC_IMPLICIT_RETAIN_SELF = YES;
				CLANG_WARN_OBJC_LITERAL_CONVERSION = YES;
				CLANG_WARN_OBJC_ROOT_CLASS = YES_ERROR;
				CLANG_WARN_QUOTED_INCLUDE_IN_FRAMEWORK_HEADER = YES;
				CLANG_WARN_RANGE_LOOP_ANALYSIS = YES;
				CLANG_WARN_STRICT_PROTOTYPES = YES;
				CLANG_WARN_SUSPICIOUS_MOVE = YES;
				CLANG_WARN_UNGUARDED_AVAILABILITY = YES_AGGRESSIVE;
				CLANG_WARN_UNREACHABLE_CODE = YES;
				CLANG_WARN__DUPLICATE_METHOD_MATCH = YES;
				COPY_PHASE_STRIP = NO;
				DEBUG_INFORMATION_FORMAT = "dwarf-with-dsym";
				ENABLE_NS_ASSERTIONS = NO;
				ENABLE_STRICT_OBJC_MSGSEND = YES;
				GCC_C_LANGUAGE_STANDARD = gnu11;
				GCC_NO_COMMON_BLOCKS = YES;
				GCC_WARN_64_TO_32_BIT_CONVERSION = YES;
				GCC_WARN_ABOUT_RETURN_TYPE = YES_ERROR;
				GCC_WARN_UNDECLARED_SELECTOR = YES;
				GCC_WARN_UNINITIALIZED_AUTOS = YES_AGGRESSIVE;
				GCC_WARN_UNUSED_FUNCTION = YES;
				GCC_WARN_UNUSED_VARIABLE = YES;
				IPHONEOS_DEPLOYMENT_TARGET = 16.1;
				MTL_ENABLE_DEBUG_INFO = NO;
				MTL_FAST_MATH = YES;
				SDKROOT = iphoneos;
				SWIFT_COMPILATION_MODE = wholemodule;
				SWIFT_OPTIMIZATION_LEVEL = "-O";
				VALIDATE_PRODUCT = YES;
			};
			name = Release;
		};
		6226C862293124F7007FF313 /* Debug */ = {
			isa = XCBuildConfiguration;
			buildSettings = {
				ASSETCATALOG_COMPILER_APPICON_NAME = AppIcon;
				ASSETCATALOG_COMPILER_GLOBAL_ACCENT_COLOR_NAME = AccentColor;
				CODE_SIGN_STYLE = Automatic;
				CURRENT_PROJECT_VERSION = 1;
				GENERATE_INFOPLIST_FILE = YES;
				INFOPLIST_FILE = DeliFood/Info.plist;
				INFOPLIST_KEY_UIApplicationSupportsIndirectInputEvents = YES;
				INFOPLIST_KEY_UILaunchStoryboardName = LaunchScreen;
				INFOPLIST_KEY_UIMainStoryboardFile = Main;
				INFOPLIST_KEY_UISupportedInterfaceOrientations_iPad = "UIInterfaceOrientationPortrait UIInterfaceOrientationPortraitUpsideDown UIInterfaceOrientationLandscapeLeft UIInterfaceOrientationLandscapeRight";
				INFOPLIST_KEY_UISupportedInterfaceOrientations_iPhone = "UIInterfaceOrientationPortrait UIInterfaceOrientationLandscapeLeft UIInterfaceOrientationLandscapeRight";
				LD_RUNPATH_SEARCH_PATHS = (
					"$(inherited)",
					"@executable_path/Frameworks",
				);
				MARKETING_VERSION = 1.0;
				PRODUCT_BUNDLE_IDENTIFIER = com.deliF.app.DeliFood;
				PRODUCT_NAME = "$(TARGET_NAME)";
				SWIFT_EMIT_LOC_STRINGS = YES;
				SWIFT_VERSION = 5.0;
				TARGETED_DEVICE_FAMILY = "1,2";
			};
			name = Debug;
		};
		6226C863293124F7007FF313 /* Release */ = {
			isa = XCBuildConfiguration;
			buildSettings = {
				ASSETCATALOG_COMPILER_APPICON_NAME = AppIcon;
				ASSETCATALOG_COMPILER_GLOBAL_ACCENT_COLOR_NAME = AccentColor;
				CODE_SIGN_STYLE = Automatic;
				CURRENT_PROJECT_VERSION = 1;
				GENERATE_INFOPLIST_FILE = YES;
				INFOPLIST_FILE = DeliFood/Info.plist;
				INFOPLIST_KEY_UIApplicationSupportsIndirectInputEvents = YES;
				INFOPLIST_KEY_UILaunchStoryboardName = LaunchScreen;
				INFOPLIST_KEY_UIMainStoryboardFile = Main;
				INFOPLIST_KEY_UISupportedInterfaceOrientations_iPad = "UIInterfaceOrientationPortrait UIInterfaceOrientationPortraitUpsideDown UIInterfaceOrientationLandscapeLeft UIInterfaceOrientationLandscapeRight";
				INFOPLIST_KEY_UISupportedInterfaceOrientations_iPhone = "UIInterfaceOrientationPortrait UIInterfaceOrientationLandscapeLeft UIInterfaceOrientationLandscapeRight";
				LD_RUNPATH_SEARCH_PATHS = (
					"$(inherited)",
					"@executable_path/Frameworks",
				);
				MARKETING_VERSION = 1.0;
				PRODUCT_BUNDLE_IDENTIFIER = com.deliF.app.DeliFood;
				PRODUCT_NAME = "$(TARGET_NAME)";
				SWIFT_EMIT_LOC_STRINGS = YES;
				SWIFT_VERSION = 5.0;
				TARGETED_DEVICE_FAMILY = "1,2";
			};
			name = Release;
		};
/* End XCBuildConfiguration section */

/* Begin XCConfigurationList section */
		6226C848293124F1007FF313 /* Build configuration list for PBXProject "DeliFood" */ = {
			isa = XCConfigurationList;
			buildConfigurations = (
				6226C85F293124F7007FF313 /* Debug */,
				6226C860293124F7007FF313 /* Release */,
			);
			defaultConfigurationIsVisible = 0;
			defaultConfigurationName = Release;
		};
		6226C861293124F7007FF313 /* Build configuration list for PBXNativeTarget "DeliFood" */ = {
			isa = XCConfigurationList;
			buildConfigurations = (
				6226C862293124F7007FF313 /* Debug */,
				6226C863293124F7007FF313 /* Release */,
			);
			defaultConfigurationIsVisible = 0;
			defaultConfigurationName = Release;
		};
/* End XCConfigurationList section */

/* Begin XCVersionGroup section */
		624856F9293E552A00BCDA98 /* Delifood.xcdatamodeld */ = {
			isa = XCVersionGroup;
			children = (
				624856FA293E552A00BCDA98 /* Delifood.xcdatamodel */,
			);
			currentVersion = 624856FA293E552A00BCDA98 /* Delifood.xcdatamodel */;
			path = Delifood.xcdatamodeld;
			sourceTree = "<group>";
			versionGroupType = wrapper.xcdatamodel;
		};
/* End XCVersionGroup section */
	};
	rootObject = 6226C845293124F1007FF313 /* Project object */;
}
