// !$*UTF8*$!
{
	archiveVersion = 1;
	classes = {
	};
	objectVersion = 56;
	objects = {

/* Begin PBXBuildFile section */
		6215584C2943B1DA005C562F /* Productos.swift in Sources */ = {isa = PBXBuildFile; fileRef = 6215584B2943B1DA005C562F /* Productos.swift */; };
		6226C851293124F1007FF313 /* AppDelegate.swift in Sources */ = {isa = PBXBuildFile; fileRef = 6226C850293124F1007FF313 /* AppDelegate.swift */; };
		6226C853293124F1007FF313 /* SceneDelegate.swift in Sources */ = {isa = PBXBuildFile; fileRef = 6226C852293124F1007FF313 /* SceneDelegate.swift */; };
		6226C855293124F1007FF313 /* HomeViewController.swift in Sources */ = {isa = PBXBuildFile; fileRef = 6226C854293124F1007FF313 /* HomeViewController.swift */; };
		6226C858293124F2007FF313 /* Main.storyboard in Resources */ = {isa = PBXBuildFile; fileRef = 6226C856293124F1007FF313 /* Main.storyboard */; };
		6226C85A293124F7007FF313 /* Assets.xcassets in Resources */ = {isa = PBXBuildFile; fileRef = 6226C859293124F7007FF313 /* Assets.xcassets */; };
		6226C85D293124F7007FF313 /* LaunchScreen.storyboard in Resources */ = {isa = PBXBuildFile; fileRef = 6226C85B293124F7007FF313 /* LaunchScreen.storyboard */; };
		622DFE662936BBB300F23211 /* CeldaTableViewCell.swift in Sources */ = {isa = PBXBuildFile; fileRef = 622DFE652936BBB300F23211 /* CeldaTableViewCell.swift */; };
		622DFE682936D44E00F23211 /* DescriptionProductViewController.swift in Sources */ = {isa = PBXBuildFile; fileRef = 622DFE672936D44E00F23211 /* DescriptionProductViewController.swift */; };
		624856FB293E552A00BCDA98 /* Delifood.xcdatamodeld in Sources */ = {isa = PBXBuildFile; fileRef = 624856F9293E552A00BCDA98 /* Delifood.xcdatamodeld */; };
		624856FD293E6C2100BCDA98 /* ProductCar.swift in Sources */ = {isa = PBXBuildFile; fileRef = 624856FC293E6C2100BCDA98 /* ProductCar.swift */; };
		624856FF293E82A400BCDA98 /* ProducTableViewCell.swift in Sources */ = {isa = PBXBuildFile; fileRef = 624856FE293E82A400BCDA98 /* ProducTableViewCell.swift */; };
		6268CBB12942925C0035F741 /* test.json in Resources */ = {isa = PBXBuildFile; fileRef = 6268CBB02942925C0035F741 /* test.json */; };
		6268CBB3294295B90035F741 /* Service.swift in Sources */ = {isa = PBXBuildFile; fileRef = 6268CBB2294295B90035F741 /* Service.swift */; };
		62C8B824293DAB1D00C18E41 /* Producto.swift in Sources */ = {isa = PBXBuildFile; fileRef = 62C8B823293DAB1D00C18E41 /* Producto.swift */; };
		62D5C36129383A14007A5653 /* CardViewController.swift in Sources */ = {isa = PBXBuildFile; fileRef = 62D5C36029383A14007A5653 /* CardViewController.swift */; };
/* End PBXBuildFile section */

/* Begin PBXFileReference section */
		6215584B2943B1DA005C562F /* Productos.swift */ = {isa = PBXFileReference; lastKnownFileType = sourcecode.swift; path = Productos.swift; sourceTree = "<group>"; };
		6226C84D293124F1007FF313 /* DeliFood.app */ = {isa = PBXFileReference; explicitFileType = wrapper.application; includeInIndex = 0; path = DeliFood.app; sourceTree = BUILT_PRODUCTS_DIR; };
		6226C850293124F1007FF313 /* AppDelegate.swift */ = {isa = PBXFileReference; lastKnownFileType = sourcecode.swift; path = AppDelegate.swift; sourceTree = "<group>"; };
		6226C852293124F1007FF313 /* SceneDelegate.swift */ = {isa = PBXFileReference; lastKnownFileType = sourcecode.swift; path = SceneDelegate.swift; sourceTree = "<group>"; };
		6226C854293124F1007FF313 /* HomeViewController.swift */ = {isa = PBXFileReference; lastKnownFileType = sourcecode.swift; path = HomeViewController.swift; sourceTree = "<group>"; };
		6226C857293124F1007FF313 /* Base */ = {isa = PBXFileReference; lastKnownFileType = file.storyboard; name = Base; path = Base.lproj/Main.storyboard; sourceTree = "<group>"; };
		6226C859293124F7007FF313 /* Assets.xcassets */ = {isa = PBXFileReference; lastKnownFileType = folder.assetcatalog; path = Assets.xcassets; sourceTree = "<group>"; };
		6226C85C293124F7007FF313 /* Base */ = {isa = PBXFileReference; lastKnownFileType = file.storyboard; name = Base; path = Base.lproj/LaunchScreen.storyboard; sourceTree = "<group>"; };
		6226C85E293124F7007FF313 /* Info.plist */ = {isa = PBXFileReference; lastKnownFileType = text.plist.xml; path = Info.plist; sourceTree = "<group>"; };
		622DFE652936BBB300F23211 /* CeldaTableViewCell.swift */ = {isa = PBXFileReference; lastKnownFileType = sourcecode.swift; path = CeldaTableViewCell.swift; sourceTree = "<group>"; };
		622DFE672936D44E00F23211 /* DescriptionProductViewController.swift */ = {isa = PBXFileReference; lastKnownFileType = sourcecode.swift; path = DescriptionProductViewController.swift; sourceTree = "<group>"; };
		624856FA293E552A00BCDA98 /* Delifood.xcdatamodel */ = {isa = PBXFileReference; lastKnownFileType = wrapper.xcdatamodel; path = Delifood.xcdatamodel; sourceTree = "<group>"; };
		624856FC293E6C2100BCDA98 /* ProductCar.swift */ = {isa = PBXFileReference; lastKnownFileType = sourcecode.swift; path = ProductCar.swift; sourceTree = "<group>"; };
		624856FE293E82A400BCDA98 /* ProducTableViewCell.swift */ = {isa = PBXFileReference; lastKnownFileType = sourcecode.swift; path = ProducTableViewCell.swift; sourceTree = "<group>"; };
		6268CBB02942925C0035F741 /* test.json */ = {isa = PBXFileReference; lastKnownFileType = text.json; path = test.json; sourceTree = "<group>"; xcLanguageSpecificationIdentifier = xcode.lang.json; };
		6268CBB2294295B90035F741 /* Service.swift */ = {isa = PBXFileReference; lastKnownFileType = sourcecode.swift; path = Service.swift; sourceTree = "<group>"; };
		62C8B823293DAB1D00C18E41 /* Producto.swift */ = {isa = PBXFileReference; lastKnownFileType = sourcecode.swift; path = Producto.swift; sourceTree = "<group>"; };
		62D5C36029383A14007A5653 /* CardViewController.swift */ = {isa = PBXFileReference; lastKnownFileType = sourcecode.swift; path = CardViewController.swift; sourceTree = "<group>"; };
/* End PBXFileReference section */

/* Begin PBXFrameworksBuildPhase section */
		6226C84A293124F1007FF313 /* Frameworks */ = {
			isa = PBXFrameworksBuildPhase;
			buildActionMask = 2147483647;
			files = (
			);
			runOnlyForDeploymentPostprocessing = 0;
		};
/* End PBXFrameworksBuildPhase section */

/* Begin PBXGroup section */
		6215584D2943C5A3005C562F /* Home */ = {
			isa = PBXGroup;
			children = (
				6226C854293124F1007FF313 /* HomeViewController.swift */,
				624856FE293E82A400BCDA98 /* ProducTableViewCell.swift */,
			);
			path = Home;
			sourceTree = "<group>";
		};
		6226C844293124F1007FF313 = {
			isa = PBXGroup;
			children = (
				6226C84F293124F1007FF313 /* DeliFood */,
				6226C84E293124F1007FF313 /* Products */,
			);
			sourceTree = "<group>";
		};
		6226C84E293124F1007FF313 /* Products */ = {
			isa = PBXGroup;
			children = (
				6226C84D293124F1007FF313 /* DeliFood.app */,
			);
			name = Products;
			sourceTree = "<group>";
		};
		6226C84F293124F1007FF313 /* DeliFood */ = {
			isa = PBXGroup;
			children = (
				6226C850293124F1007FF313 /* AppDelegate.swift */,
				624856F9293E552A00BCDA98 /* Delifood.xcdatamodeld */,
				6226C852293124F1007FF313 /* SceneDelegate.swift */,
				6215584D2943C5A3005C562F /* Home */,
				622DFE672936D44E00F23211 /* DescriptionProductViewController.swift */,
				62D5C36029383A14007A5653 /* CardViewController.swift */,
				622DFE652936BBB300F23211 /* CeldaTableViewCell.swift */,
				6226C856293124F1007FF313 /* Main.storyboard */,
				6226C859293124F7007FF313 /* Assets.xcassets */,
				6226C85B293124F7007FF313 /* LaunchScreen.storyboard */,
				6226C85E293124F7007FF313 /* Info.plist */,
				624856FC293E6C2100BCDA98 /* ProductCar.swift */,
				62C8B823293DAB1D00C18E41 /* Producto.swift */,
				6215584B2943B1DA005C562F /* Productos.swift */,
				6268CBB02942925C0035F741 /* test.json */,
				6268CBB2294295B90035F741 /* Service.swift */,
			);
			path = DeliFood;
			sourceTree = "<group>";
		};
/* End PBXGroup section */

/* Begin PBXNativeTarget section */
		6226C84C293124F1007FF313 /* DeliFood */ = {
			isa = PBXNativeTarget;
			buildConfigurationList = 6226C861293124F7007FF313 /* Build configuration list for PBXNativeTarget "DeliFood" */;
			buildPhases = (
				6226C849293124F1007FF313 /* Sources */,
				6226C84A293124F1007FF313 /* Frameworks */,
				6226C84B293124F1007FF313 /* Resources */,
			);
			buildRules = (
			);
			dependencies = (
			);
			name = DeliFood;
			productName = DeliFood;
			productReference = 6226C84D293124F1007FF313 /* DeliFood.app */;
			productType = "com.apple.product-type.application";
		};
/* End PBXNativeTarget section */

/* Begin PBXProject section */
		6226C845293124F1007FF313 /* Project object */ = {
			isa = PBXProject;
			attributes = {
				BuildIndependentTargetsInParallel = 1;
				LastSwiftUpdateCheck = 1410;
				LastUpgradeCheck = 1410;
				TargetAttributes = {
					6226C84C293124F1007FF313 = {
						CreatedOnToolsVersion = 14.1;
					};
				};
			};
			buildConfigurationList = 6226C848293124F1007FF313 /* Build configuration list for PBXProject "DeliFood" */;
			compatibilityVersion = "Xcode 14.0";
			developmentRegion = en;
			hasScannedForEncodings = 0;
			knownRegions = (
				en,
				Base,
			);
			mainGroup = 6226C844293124F1007FF313;
			productRefGroup = 6226C84E293124F1007FF313 /* Products */;
			projectDirPath = "";
			projectRoot = "";
			targets = (
				6226C84C293124F1007FF313 /* DeliFood */,
			);
		};
/* End PBXProject section */

/* Begin PBXResourcesBuildPhase section */
		6226C84B293124F1007FF313 /* Resources */ = {
			isa = PBXResourcesBuildPhase;
			buildActionMask = 2147483647;
			files = (
				6226C85D293124F7007FF313 /* LaunchScreen.storyboard in Resources */,
				6268CBB12942925C0035F741 /* test.json in Resources */,
				6226C85A293124F7007FF313 /* Assets.xcassets in Resources */,
				6226C858293124F2007FF313 /* Main.storyboard in Resources */,
			);
			runOnlyForDeploymentPostprocessing = 0;
		};
/* End PBXResourcesBuildPhase section */

/* Begin PBXSourcesBuildPhase section */
		6226C849293124F1007FF313 /* Sources */ = {
			isa = PBXSourcesBuildPhase;
			buildActionMask = 2147483647;
			files = (
				6226C855293124F1007FF313 /* HomeViewController.swift in Sources */,
				6226C851293124F1007FF313 /* AppDelegate.swift in Sources */,
				624856FF293E82A400BCDA98 /* ProducTableViewCell.swift in Sources */,
				624856FD293E6C2100BCDA98 /* ProductCar.swift in Sources */,
				62D5C36129383A14007A5653 /* CardViewController.swift in Sources */,
				6215584C2943B1DA005C562F /* Productos.swift in Sources */,
				624856FB293E552A00BCDA98 /* Delifood.xcdatamodeld in Sources */,
				62C8B824293DAB1D00C18E41 /* Producto.swift in Sources */,
				6226C853293124F1007FF313 /* SceneDelegate.swift in Sources */,
				6268CBB3294295B90035F741 /* Service.swift in Sources */,
				622DFE662936BBB300F23211 /* CeldaTableViewCell.swift in Sources */,
				622DFE682936D44E00F23211 /* DescriptionProductViewController.swift in Sources */,
			);
			runOnlyForDeploymentPostprocessing = 0;
		};
/* End PBXSourcesBuildPhase section */

/* Begin PBXVariantGroup section */
		6226C856293124F1007FF313 /* Main.storyboard */ = {
			isa = PBXVariantGroup;
			children = (
				6226C857293124F1007FF313 /* Base */,
			);
			name = Main.storyboard;
			sourceTree = "<group>";
		};
		6226C85B293124F7007FF313 /* LaunchScreen.storyboard */ = {
			isa = PBXVariantGroup;
			children = (
				6226C85C293124F7007FF313 /* Base */,
			);
			name = LaunchScreen.storyboard;
			sourceTree = "<group>";
		};
/* End PBXVariantGroup section */

/* Begin XCBuildConfiguration section */
		6226C85F293124F7007FF313 /* Debug */ = {
			isa = XCBuildConfiguration;
			buildSettings = {
				ALWAYS_SEARCH_USER_PATHS = NO;
				CLANG_ANALYZER_NONNULL = YES;
				CLANG_ANALYZER_NUMBER_OBJECT_CONVERSION = YES_AGGRESSIVE;
				CLANG_CXX_LANGUAGE_STANDARD = "gnu++20";
				CLANG_ENABLE_MODULES = YES;
				CLANG_ENABLE_OBJC_ARC = YES;
				CLANG_ENABLE_OBJC_WEAK = YES;
				CLANG_WARN_BLOCK_CAPTURE_AUTORELEASING = YES;
				CLANG_WARN_BOOL_CONVERSION = YES;
				CLANG_WARN_COMMA = YES;
				CLANG_WARN_CONSTANT_CONVERSION = YES;
				CLANG_WARN_DEPRECATED_OBJC_IMPLEMENTATIONS = YES;
				CLANG_WARN_DIRECT_OBJC_ISA_USAGE = YES_ERROR;
				CLANG_WARN_DOCUMENTATION_COMMENTS = YES;
				CLANG_WARN_EMPTY_BODY = YES;
				CLANG_WARN_ENUM_CONVERSION = YES;
				CLANG_WARN_INFINITE_RECURSION = YES;
				CLANG_WARN_INT_CONVERSION = YES;
				CLANG_WARN_NON_LITERAL_NULL_CONVERSION = YES;
				CLANG_WARN_OBJC_IMPLICIT_RETAIN_SELF = YES;
				CLANG_WARN_OBJC_LITERAL_CONVERSION = YES;
				CLANG_WARN_OBJC_ROOT_CLASS = YES_ERROR;
				CLANG_WARN_QUOTED_INCLUDE_IN_FRAMEWORK_HEADER = YES;
				CLANG_WARN_RANGE_LOOP_ANALYSIS = YES;
				CLANG_WARN_STRICT_PROTOTYPES = YES;
				CLANG_WARN_SUSPICIOUS_MOVE = YES;
				CLANG_WARN_UNGUARDED_AVAILABILITY = YES_AGGRESSIVE;
				CLANG_WARN_UNREACHABLE_CODE = YES;
				CLANG_WARN__DUPLICATE_METHOD_MATCH = YES;
				COPY_PHASE_STRIP = NO;
				DEBUG_INFORMATION_FORMAT = dwarf;
				ENABLE_STRICT_OBJC_MSGSEND = YES;
				ENABLE_TESTABILITY = YES;
				GCC_C_LANGUAGE_STANDARD = gnu11;
				GCC_DYNAMIC_NO_PIC = NO;
				GCC_NO_COMMON_BLOCKS = YES;
				GCC_OPTIMIZATION_LEVEL = 0;
				GCC_PREPROCESSOR_DEFINITIONS = (
					"DEBUG=1",
					"$(inherited)",
				);
				GCC_WARN_64_TO_32_BIT_CONVERSION = YES;
				GCC_WARN_ABOUT_RETURN_TYPE = YES_ERROR;
				GCC_WARN_UNDECLARED_SELECTOR = YES;
				GCC_WARN_UNINITIALIZED_AUTOS = YES_AGGRESSIVE;
				GCC_WARN_UNUSED_FUNCTION = YES;
				GCC_WARN_UNUSED_VARIABLE = YES;
				IPHONEOS_DEPLOYMENT_TARGET = 16.1;
				MTL_ENABLE_DEBUG_INFO = INCLUDE_SOURCE;
				MTL_FAST_MATH = YES;
				ONLY_ACTIVE_ARCH = YES;
				SDKROOT = iphoneos;
				SWIFT_ACTIVE_COMPILATION_CONDITIONS = DEBUG;
				SWIFT_OPTIMIZATION_LEVEL = "-Onone";
			};
			name = Debug;
		};
		6226C860293124F7007FF313 /* Release */ = {
			isa = XCBuildConfiguration;
			buildSettings = {
				ALWAYS_SEARCH_USER_PATHS = NO;
				CLANG_ANALYZER_NONNULL = YES;
				CLANG_ANALYZER_NUMBER_OBJECT_CONVERSION = YES_AGGRESSIVE;
				CLANG_CXX_LANGUAGE_STANDARD = "gnu++20";
				CLANG_ENABLE_MODULES = YES;
				CLANG_ENABLE_OBJC_ARC = YES;
				CLANG_ENABLE_OBJC_WEAK = YES;
				CLANG_WARN_BLOCK_CAPTURE_AUTORELEASING = YES;
				CLANG_WARN_BOOL_CONVERSION = YES;
				CLANG_WARN_COMMA = YES;
				CLANG_WARN_CONSTANT_CONVERSION = YES;
				CLANG_WARN_DEPRECATED_OBJC_IMPLEMENTATIONS = YES;
				CLANG_WARN_DIRECT_OBJC_ISA_USAGE = YES_ERROR;
				CLANG_WARN_DOCUMENTATION_COMMENTS = YES;
				CLANG_WARN_EMPTY_BODY = YES;
				CLANG_WARN_ENUM_CONVERSION = YES;
				CLANG_WARN_INFINITE_RECURSION = YES;
				CLANG_WARN_INT_CONVERSION = YES;
				CLANG_WARN_NON_LITERAL_NULL_CONVERSION = YES;
				CLANG_WARN_OBJC_IMPLICIT_RETAIN_SELF = YES;
				CLANG_WARN_OBJC_LITERAL_CONVERSION = YES;
				CLANG_WARN_OBJC_ROOT_CLASS = YES_ERROR;
				CLANG_WARN_QUOTED_INCLUDE_IN_FRAMEWORK_HEADER = YES;
				CLANG_WARN_RANGE_LOOP_ANALYSIS = YES;
				CLANG_WARN_STRICT_PROTOTYPES = YES;
				CLANG_WARN_SUSPICIOUS_MOVE = YES;
				CLANG_WARN_UNGUARDED_AVAILABILITY = YES_AGGRESSIVE;
				CLANG_WARN_UNREACHABLE_CODE = YES;
				CLANG_WARN__DUPLICATE_METHOD_MATCH = YES;
				COPY_PHASE_STRIP = NO;
				DEBUG_INFORMATION_FORMAT = "dwarf-with-dsym";
				ENABLE_NS_ASSERTIONS = NO;
				ENABLE_STRICT_OBJC_MSGSEND = YES;
				GCC_C_LANGUAGE_STANDARD = gnu11;
				GCC_NO_COMMON_BLOCKS = YES;
				GCC_WARN_64_TO_32_BIT_CONVERSION = YES;
				GCC_WARN_ABOUT_RETURN_TYPE = YES_ERROR;
				GCC_WARN_UNDECLARED_SELECTOR = YES;
				GCC_WARN_UNINITIALIZED_AUTOS = YES_AGGRESSIVE;
				GCC_WARN_UNUSED_FUNCTION = YES;
				GCC_WARN_UNUSED_VARIABLE = YES;
				IPHONEOS_DEPLOYMENT_TARGET = 16.1;
				MTL_ENABLE_DEBUG_INFO = NO;
				MTL_FAST_MATH = YES;
				SDKROOT = iphoneos;
				SWIFT_COMPILATION_MODE = wholemodule;
				SWIFT_OPTIMIZATION_LEVEL = "-O";
				VALIDATE_PRODUCT = YES;
			};
			name = Release;
		};
		6226C862293124F7007FF313 /* Debug */ = {
			isa = XCBuildConfiguration;
			buildSettings = {
				ASSETCATALOG_COMPILER_APPICON_NAME = AppIcon;
				ASSETCATALOG_COMPILER_GLOBAL_ACCENT_COLOR_NAME = AccentColor;
				CODE_SIGN_STYLE = Automatic;
				CURRENT_PROJECT_VERSION = 1;
				GENERATE_INFOPLIST_FILE = YES;
				INFOPLIST_FILE = DeliFood/Info.plist;
				INFOPLIST_KEY_UIApplicationSupportsIndirectInputEvents = YES;
				INFOPLIST_KEY_UILaunchStoryboardName = LaunchScreen;
				INFOPLIST_KEY_UIMainStoryboardFile = Main;
				INFOPLIST_KEY_UISupportedInterfaceOrientations_iPad = "UIInterfaceOrientationPortrait UIInterfaceOrientationPortraitUpsideDown UIInterfaceOrientationLandscapeLeft UIInterfaceOrientationLandscapeRight";
				INFOPLIST_KEY_UISupportedInterfaceOrientations_iPhone = "UIInterfaceOrientationPortrait UIInterfaceOrientationLandscapeLeft UIInterfaceOrientationLandscapeRight";
				LD_RUNPATH_SEARCH_PATHS = (
					"$(inherited)",
					"@executable_path/Frameworks",
				);
				MARKETING_VERSION = 1.0;
				PRODUCT_BUNDLE_IDENTIFIER = com.deliF.app.DeliFood;
				PRODUCT_NAME = "$(TARGET_NAME)";
				SWIFT_EMIT_LOC_STRINGS = YES;
				SWIFT_VERSION = 5.0;
				TARGETED_DEVICE_FAMILY = "1,2";
			};
			name = Debug;
		};
		6226C863293124F7007FF313 /* Release */ = {
			isa = XCBuildConfiguration;
			buildSettings = {
				ASSETCATALOG_COMPILER_APPICON_NAME = AppIcon;
				ASSETCATALOG_COMPILER_GLOBAL_ACCENT_COLOR_NAME = AccentColor;
				CODE_SIGN_STYLE = Automatic;
				CURRENT_PROJECT_VERSION = 1;
				GENERATE_INFOPLIST_FILE = YES;
				INFOPLIST_FILE = DeliFood/Info.plist;
				INFOPLIST_KEY_UIApplicationSupportsIndirectInputEvents = YES;
				INFOPLIST_KEY_UILaunchStoryboardName = LaunchScreen;
				INFOPLIST_KEY_UIMainStoryboardFile = Main;
				INFOPLIST_KEY_UISupportedInterfaceOrientations_iPad = "UIInterfaceOrientationPortrait UIInterfaceOrientationPortraitUpsideDown UIInterfaceOrientationLandscapeLeft UIInterfaceOrientationLandscapeRight";
				INFOPLIST_KEY_UISupportedInterfaceOrientations_iPhone = "UIInterfaceOrientationPortrait UIInterfaceOrientationLandscapeLeft UIInterfaceOrientationLandscapeRight";
				LD_RUNPATH_SEARCH_PATHS = (
					"$(inherited)",
					"@executable_path/Frameworks",
				);
				MARKETING_VERSION = 1.0;
				PRODUCT_BUNDLE_IDENTIFIER = com.deliF.app.DeliFood;
				PRODUCT_NAME = "$(TARGET_NAME)";
				SWIFT_EMIT_LOC_STRINGS = YES;
				SWIFT_VERSION = 5.0;
				TARGETED_DEVICE_FAMILY = "1,2";
			};
			name = Release;
		};
/* End XCBuildConfiguration section */

/* Begin XCConfigurationList section */
		6226C848293124F1007FF313 /* Build configuration list for PBXProject "DeliFood" */ = {
			isa = XCConfigurationList;
			buildConfigurations = (
				6226C85F293124F7007FF313 /* Debug */,
				6226C860293124F7007FF313 /* Release */,
			);
			defaultConfigurationIsVisible = 0;
			defaultConfigurationName = Release;
		};
		6226C861293124F7007FF313 /* Build configuration list for PBXNativeTarget "DeliFood" */ = {
			isa = XCConfigurationList;
			buildConfigurations = (
				6226C862293124F7007FF313 /* Debug */,
				6226C863293124F7007FF313 /* Release */,
			);
			defaultConfigurationIsVisible = 0;
			defaultConfigurationName = Release;
		};
/* End XCConfigurationList section */

/* Begin XCVersionGroup section */
		624856F9293E552A00BCDA98 /* Delifood.xcdatamodeld */ = {
			isa = XCVersionGroup;
			children = (
				624856FA293E552A00BCDA98 /* Delifood.xcdatamodel */,
			);
			currentVersion = 624856FA293E552A00BCDA98 /* Delifood.xcdatamodel */;
			path = Delifood.xcdatamodeld;
			sourceTree = "<group>";
			versionGroupType = wrapper.xcdatamodel;
		};
/* End XCVersionGroup section */
	};
	rootObject = 6226C845293124F1007FF313 /* Project object */;
}
